
Microsoft Visual Studio Solution File, Format Version 12.00
# Visual Studio Version 16
VisualStudioVersion = 16.0.30523.141
MinimumVisualStudioVersion = 10.0.40219.1
Project("{FAE04EC0-301F-11D3-BF4B-00C04F79EFBC}") = "SearchMyIndex", "SearchMyIndex\SearchMyIndex.csproj", "{385602F9-B074-46FB-AA06-FDAF84C548E8}"
EndProject
Global
	GlobalSection(SolutionConfigurationPlatforms) = preSolution
		Debug|Any CPU = Debug|Any CPU
		Release|Any CPU = Release|Any CPU
	EndGlobalSection
	GlobalSection(ProjectConfigurationPlatforms) = postSolution
		{385602F9-B074-46FB-AA06-FDAF84C548E8}.Debug|Any CPU.ActiveCfg = Debug|Any CPU
		{385602F9-B074-46FB-AA06-FDAF84C548E8}.Debug|Any CPU.Build.0 = Debug|Any CPU
		{385602F9-B074-46FB-AA06-FDAF84C548E8}.Release|Any CPU.ActiveCfg = Release|Any CPU
		{385602F9-B074-46FB-AA06-FDAF84C548E8}.Release|Any CPU.Build.0 = Release|Any CPU
	EndGlobalSection
	GlobalSection(SolutionProperties) = preSolution
		HideSolutionNode = FALSE
	EndGlobalSection
	GlobalSection(ExtensibilityGlobals) = postSolution
		SolutionGuid = {E4CB03B6-68B2-48B3-9E9F-BB4C176FC9E3}
	EndGlobalSection
EndGlobal
